
Microsoft Visual Studio Solution File, Format Version 12.00
# Visual Studio 15
VisualStudioVersion = 15.0.28010.2048
MinimumVisualStudioVersion = 10.0.40219.1
Project("{FAE04EC0-301F-11D3-BF4B-00C04F79EFBC}") = "DataGridViewTest1", "DataGridViewTest1\DataGridViewTest1.csproj", "{1B775BC3-3072-4CA5-BFC6-0DE364EDFBED}"
EndProject
Global
	GlobalSection(SolutionConfigurationPlatforms) = preSolution
		Debug|Any CPU = Debug|Any CPU
		Release|Any CPU = Release|Any CPU
	EndGlobalSection
	GlobalSection(ProjectConfigurationPlatforms) = postSolution
		{1B775BC3-3072-4CA5-BFC6-0DE364EDFBED}.Debug|Any CPU.ActiveCfg = Debug|Any CPU
		{1B775BC3-3072-4CA5-BFC6-0DE364EDFBED}.Debug|Any CPU.Build.0 = Debug|Any CPU
		{1B775BC3-3072-4CA5-BFC6-0DE364EDFBED}.Release|Any CPU.ActiveCfg = Release|Any CPU
		{1B775BC3-3072-4CA5-BFC6-0DE364EDFBED}.Release|Any CPU.Build.0 = Release|Any CPU
	EndGlobalSection
	GlobalSection(SolutionProperties) = preSolution
		HideSolutionNode = FALSE
	EndGlobalSection
	GlobalSection(ExtensibilityGlobals) = postSolution
		SolutionGuid = {B841F18F-6F8A-429E-8FC2-F911EF11B133}
	EndGlobalSection
EndGlobal
