
Microsoft Visual Studio Solution File, Format Version 12.00
# Visual Studio 15
VisualStudioVersion = 15.0.27703.2047
MinimumVisualStudioVersion = 10.0.40219.1
Project("{FAE04EC0-301F-11D3-BF4B-00C04F79EFBC}") = "Module2", "Module2.csproj", "{6F5101BB-CA21-420A-B1C5-28910D3A537F}"
EndProject
Global
	GlobalSection(SolutionConfigurationPlatforms) = preSolution
		Debug|Any CPU = Debug|Any CPU
		Release|Any CPU = Release|Any CPU
	EndGlobalSection
	GlobalSection(ProjectConfigurationPlatforms) = postSolution
		{6F5101BB-CA21-420A-B1C5-28910D3A537F}.Debug|Any CPU.ActiveCfg = Debug|Any CPU
		{6F5101BB-CA21-420A-B1C5-28910D3A537F}.Debug|Any CPU.Build.0 = Debug|Any CPU
		{6F5101BB-CA21-420A-B1C5-28910D3A537F}.Release|Any CPU.ActiveCfg = Release|Any CPU
		{6F5101BB-CA21-420A-B1C5-28910D3A537F}.Release|Any CPU.Build.0 = Release|Any CPU
	EndGlobalSection
	GlobalSection(SolutionProperties) = preSolution
		HideSolutionNode = FALSE
	EndGlobalSection
	GlobalSection(ExtensibilityGlobals) = postSolution
		SolutionGuid = {0B908FD7-F43D-4BE4-910A-A6194D5261C5}
	EndGlobalSection
EndGlobal
