
Microsoft Visual Studio Solution File, Format Version 12.00
# Visual Studio 15
VisualStudioVersion = 15.0.28010.2048
MinimumVisualStudioVersion = 10.0.40219.1
Project("{FAE04EC0-301F-11D3-BF4B-00C04F79EFBC}") = "ExampleEvents", "ExampleEvents\ExampleEvents.csproj", "{B50DF68A-7DF6-477D-96F0-4CA910212FC5}"
EndProject
Global
	GlobalSection(SolutionConfigurationPlatforms) = preSolution
		Debug|Any CPU = Debug|Any CPU
		Release|Any CPU = Release|Any CPU
	EndGlobalSection
	GlobalSection(ProjectConfigurationPlatforms) = postSolution
		{B50DF68A-7DF6-477D-96F0-4CA910212FC5}.Debug|Any CPU.ActiveCfg = Debug|Any CPU
		{B50DF68A-7DF6-477D-96F0-4CA910212FC5}.Debug|Any CPU.Build.0 = Debug|Any CPU
		{B50DF68A-7DF6-477D-96F0-4CA910212FC5}.Release|Any CPU.ActiveCfg = Release|Any CPU
		{B50DF68A-7DF6-477D-96F0-4CA910212FC5}.Release|Any CPU.Build.0 = Release|Any CPU
	EndGlobalSection
	GlobalSection(SolutionProperties) = preSolution
		HideSolutionNode = FALSE
	EndGlobalSection
	GlobalSection(ExtensibilityGlobals) = postSolution
		SolutionGuid = {025243A2-C361-42DD-9C5F-60E706437746}
	EndGlobalSection
EndGlobal
