
Microsoft Visual Studio Solution File, Format Version 12.00
# Visual Studio 15
VisualStudioVersion = 15.0.27703.2047
MinimumVisualStudioVersion = 10.0.40219.1
Project("{FAE04EC0-301F-11D3-BF4B-00C04F79EFBC}") = "Module9", "Module9.csproj", "{DC7BC581-6BF8-4472-B000-94EF03B0FAE2}"
EndProject
Global
	GlobalSection(SolutionConfigurationPlatforms) = preSolution
		Debug|Any CPU = Debug|Any CPU
		Release|Any CPU = Release|Any CPU
	EndGlobalSection
	GlobalSection(ProjectConfigurationPlatforms) = postSolution
		{DC7BC581-6BF8-4472-B000-94EF03B0FAE2}.Debug|Any CPU.ActiveCfg = Debug|Any CPU
		{DC7BC581-6BF8-4472-B000-94EF03B0FAE2}.Debug|Any CPU.Build.0 = Debug|Any CPU
		{DC7BC581-6BF8-4472-B000-94EF03B0FAE2}.Release|Any CPU.ActiveCfg = Release|Any CPU
		{DC7BC581-6BF8-4472-B000-94EF03B0FAE2}.Release|Any CPU.Build.0 = Release|Any CPU
	EndGlobalSection
	GlobalSection(SolutionProperties) = preSolution
		HideSolutionNode = FALSE
	EndGlobalSection
	GlobalSection(ExtensibilityGlobals) = postSolution
		SolutionGuid = {B45D005F-63C6-468D-AAB9-3B24927BC753}
	EndGlobalSection
EndGlobal
